
Microsoft Visual Studio Solution File, Format Version 12.00
# Visual Studio 15
VisualStudioVersion = 15.0.28307.168
MinimumVisualStudioVersion = 10.0.40219.1
Project("{FAE04EC0-301F-11D3-BF4B-00C04F79EFBC}") = "Alisher", "Alisher\Alisher.csproj", "{586A3D4F-E62D-4220-9A3B-7BFD87A64839}"
EndProject
Project("{2150E333-8FDC-42A3-9474-1A3956D46DE8}") = "Car", "Car", "{27A9F219-F2C9-4311-8C83-0509B1A2E92C}"
EndProject
Project("{2150E333-8FDC-42A3-9474-1A3956D46DE8}") = "ToString", "ToString", "{1F670BFD-5128-40C6-8C8F-810398AE6D95}"
EndProject
Project("{FAE04EC0-301F-11D3-BF4B-00C04F79EFBC}") = "ToString", "ToString\ToString.csproj", "{9FAB6BE9-5799-4E38-8EAF-8BED6435DE5A}"
EndProject
Project("{2150E333-8FDC-42A3-9474-1A3956D46DE8}") = "Zimin", "Zimin", "{CA96F70E-F443-4B4F-BA59-136C59AAD029}"
EndProject
Project("{2150E333-8FDC-42A3-9474-1A3956D46DE8}") = "Chapter2", "Chapter2", "{C2D92F22-EF67-46C8-95DA-FC857C48521D}"
EndProject
Project("{FAE04EC0-301F-11D3-BF4B-00C04F79EFBC}") = "Ch2", "Ch2\Ch2.csproj", "{43A6EF40-0E29-4AB4-984B-033128F366ED}"
EndProject
Project("{2150E333-8FDC-42A3-9474-1A3956D46DE8}") = "NewFolder1", "NewFolder1", "{AC45CFA8-7FB1-496A-91DD-E72F2DC58051}"
EndProject
Project("{2150E333-8FDC-42A3-9474-1A3956D46DE8}") = "Tuples", "Tuples", "{135B9B23-D342-468A-9C30-F5668A9DC03E}"
EndProject
Project("{FAE04EC0-301F-11D3-BF4B-00C04F79EFBC}") = "Tuples", "Tuples\Tuples.csproj", "{E5ABC1DF-EC77-42F3-BD8C-35C374353F72}"
EndProject
Project("{2150E333-8FDC-42A3-9474-1A3956D46DE8}") = "List T", "List T", "{6B5D431B-1037-4AA8-969E-D5DDDBBFFCDD}"
EndProject
Project("{FAE04EC0-301F-11D3-BF4B-00C04F79EFBC}") = "UnderstandingLists", "UnderstandingLists\UnderstandingLists.csproj", "{20EF53E6-3FCE-4972-85B4-D6F5B6E4B3B9}"
EndProject
Global
	GlobalSection(SolutionConfigurationPlatforms) = preSolution
		Debug|Any CPU = Debug|Any CPU
		Release|Any CPU = Release|Any CPU
	EndGlobalSection
	GlobalSection(ProjectConfigurationPlatforms) = postSolution
		{586A3D4F-E62D-4220-9A3B-7BFD87A64839}.Debug|Any CPU.ActiveCfg = Debug|Any CPU
		{586A3D4F-E62D-4220-9A3B-7BFD87A64839}.Debug|Any CPU.Build.0 = Debug|Any CPU
		{586A3D4F-E62D-4220-9A3B-7BFD87A64839}.Release|Any CPU.ActiveCfg = Release|Any CPU
		{586A3D4F-E62D-4220-9A3B-7BFD87A64839}.Release|Any CPU.Build.0 = Release|Any CPU
		{9FAB6BE9-5799-4E38-8EAF-8BED6435DE5A}.Debug|Any CPU.ActiveCfg = Debug|Any CPU
		{9FAB6BE9-5799-4E38-8EAF-8BED6435DE5A}.Debug|Any CPU.Build.0 = Debug|Any CPU
		{9FAB6BE9-5799-4E38-8EAF-8BED6435DE5A}.Release|Any CPU.ActiveCfg = Release|Any CPU
		{9FAB6BE9-5799-4E38-8EAF-8BED6435DE5A}.Release|Any CPU.Build.0 = Release|Any CPU
		{43A6EF40-0E29-4AB4-984B-033128F366ED}.Debug|Any CPU.ActiveCfg = Debug|Any CPU
		{43A6EF40-0E29-4AB4-984B-033128F366ED}.Debug|Any CPU.Build.0 = Debug|Any CPU
		{43A6EF40-0E29-4AB4-984B-033128F366ED}.Release|Any CPU.ActiveCfg = Release|Any CPU
		{43A6EF40-0E29-4AB4-984B-033128F366ED}.Release|Any CPU.Build.0 = Release|Any CPU
		{E5ABC1DF-EC77-42F3-BD8C-35C374353F72}.Debug|Any CPU.ActiveCfg = Debug|Any CPU
		{E5ABC1DF-EC77-42F3-BD8C-35C374353F72}.Debug|Any CPU.Build.0 = Debug|Any CPU
		{E5ABC1DF-EC77-42F3-BD8C-35C374353F72}.Release|Any CPU.ActiveCfg = Release|Any CPU
		{E5ABC1DF-EC77-42F3-BD8C-35C374353F72}.Release|Any CPU.Build.0 = Release|Any CPU
		{20EF53E6-3FCE-4972-85B4-D6F5B6E4B3B9}.Debug|Any CPU.ActiveCfg = Debug|Any CPU
		{20EF53E6-3FCE-4972-85B4-D6F5B6E4B3B9}.Debug|Any CPU.Build.0 = Debug|Any CPU
		{20EF53E6-3FCE-4972-85B4-D6F5B6E4B3B9}.Release|Any CPU.ActiveCfg = Release|Any CPU
		{20EF53E6-3FCE-4972-85B4-D6F5B6E4B3B9}.Release|Any CPU.Build.0 = Release|Any CPU
	EndGlobalSection
	GlobalSection(SolutionProperties) = preSolution
		HideSolutionNode = FALSE
	EndGlobalSection
	GlobalSection(NestedProjects) = preSolution
		{586A3D4F-E62D-4220-9A3B-7BFD87A64839} = {27A9F219-F2C9-4311-8C83-0509B1A2E92C}
		{9FAB6BE9-5799-4E38-8EAF-8BED6435DE5A} = {1F670BFD-5128-40C6-8C8F-810398AE6D95}
		{C2D92F22-EF67-46C8-95DA-FC857C48521D} = {CA96F70E-F443-4B4F-BA59-136C59AAD029}
		{43A6EF40-0E29-4AB4-984B-033128F366ED} = {C2D92F22-EF67-46C8-95DA-FC857C48521D}
		{AC45CFA8-7FB1-496A-91DD-E72F2DC58051} = {27A9F219-F2C9-4311-8C83-0509B1A2E92C}
		{E5ABC1DF-EC77-42F3-BD8C-35C374353F72} = {135B9B23-D342-468A-9C30-F5668A9DC03E}
		{20EF53E6-3FCE-4972-85B4-D6F5B6E4B3B9} = {6B5D431B-1037-4AA8-969E-D5DDDBBFFCDD}
	EndGlobalSection
	GlobalSection(ExtensibilityGlobals) = postSolution
		SolutionGuid = {90D8F073-8FB6-433D-BAA2-7CB8297B8AD3}
	EndGlobalSection
EndGlobal
